
Microsoft Visual Studio Solution File, Format Version 12.00
# Visual Studio 2012
Project("{FAE04EC0-301F-11D3-BF4B-00C04F79EFBC}") = "tests", "tests\tests.csproj", "{AAA93F12-B60C-4428-919E-1BB14CB41B04}"
EndProject
Project("{2150E333-8FDC-42A3-9474-1A3956D46DE8}") = ".nuget", ".nuget", "{10EF88E9-121F-4342-88AF-47D7F7730401}"
	ProjectSection(SolutionItems) = preProject
		.nuget\packages.config = .nuget\packages.config
	EndProjectSection
EndProject
Global
	GlobalSection(SolutionConfigurationPlatforms) = preSolution
		Debug|Any CPU = Debug|Any CPU
		Release|Any CPU = Release|Any CPU
	EndGlobalSection
	GlobalSection(ProjectConfigurationPlatforms) = postSolution
		{AAA93F12-B60C-4428-919E-1BB14CB41B04}.Debug|Any CPU.ActiveCfg = Debug|Any CPU
		{AAA93F12-B60C-4428-919E-1BB14CB41B04}.Debug|Any CPU.Build.0 = Debug|Any CPU
		{AAA93F12-B60C-4428-919E-1BB14CB41B04}.Release|Any CPU.ActiveCfg = Release|Any CPU
		{AAA93F12-B60C-4428-919E-1BB14CB41B04}.Release|Any CPU.Build.0 = Release|Any CPU
	EndGlobalSection
	GlobalSection(SolutionProperties) = preSolution
		HideSolutionNode = FALSE
	EndGlobalSection
EndGlobal
